{
  "name": "@usewire/memory",
  "version": "0.8.0",
  "lockfileVersion": 3,
  "requires": true,
  "packages": {
    "": {
      "name": "@usewire/memory",
      "version": "0.8.0",
      "license": "MIT",
      "dependencies": {
        "@wire/sdk": "file:../wire-sdk"
      },
      "engines": {
        "node": ">=18.0.0"
      }
    },
    "../wire-sdk": {
      "name": "@wire/sdk",
      "version": "0.1.0",
      "license": "MIT",
      "dependencies": {
        "jose": "^6.1.3"
      },
      "devDependencies": {
        "@types/node": "^22.10.0",
        "typescript": "^5.9.3",
        "vitest": "^3.0.0"
      },
      "engines": {
        "node": ">=18.0.0"
      }
    },
    "node_modules/@wire/sdk": {
      "resolved": "../wire-sdk",
      "link": true
    }
  }
}
