{
  "name": "@usewire/memory",
  "version": "0.9.0",
  "lockfileVersion": 3,
  "requires": true,
  "packages": {
    "": {
      "name": "@usewire/memory",
      "version": "0.9.0",
      "license": "MIT",
      "dependencies": {
        "@usewire/sdk": "^0.1.1"
      },
      "engines": {
        "node": ">=18.0.0"
      }
    },
    "../wire-sdk": {
      "name": "@usewire/sdk",
      "version": "0.1.1",
      "extraneous": true,
      "license": "MIT",
      "dependencies": {
        "jose": "^6.1.3"
      },
      "devDependencies": {
        "@types/node": "^22.10.0",
        "typescript": "^5.9.3",
        "vitest": "^3.0.0"
      },
      "engines": {
        "node": ">=18.0.0"
      }
    },
    "node_modules/@usewire/sdk": {
      "version": "0.1.1",
      "resolved": "https://registry.npmjs.org/@usewire/sdk/-/sdk-0.1.1.tgz",
      "integrity": "sha512-88Tj2C1eieacVxUsJ0bu3GjLJS2Tg0x8gzZ8VhOuYwBazmbZVuUu0jFP6jg1emPqxTl9uWkHB3NQYWUL259e1A==",
      "license": "MIT",
      "dependencies": {
        "jose": "^6.1.3"
      },
      "engines": {
        "node": ">=18.0.0"
      }
    },
    "node_modules/jose": {
      "version": "6.2.3",
      "resolved": "https://registry.npmjs.org/jose/-/jose-6.2.3.tgz",
      "integrity": "sha512-YYVDInQKFJfR/xa3ojUTl8c2KoTwiL1R5Wg9YCydwH0x0B9grbzlg5HC7mMjCtUJjbQ/YnGEZIhI5tCgfTb4Hw==",
      "license": "MIT",
      "funding": {
        "url": "https://github.com/sponsors/panva"
      }
    }
  }
}
